
Microsoft Visual Studio Solution File, Format Version 11.00
# Visual Studio 2010
Project("{FAE04EC0-301F-11D3-BF4B-00C04F79EFBC}") = "WebApplication", "WebApplication\WebApplication.csproj", "{DA180EAC-C3C3-4E09-8457-283AABD4340C}"
EndProject
Project("{FAE04EC0-301F-11D3-BF4B-00C04F79EFBC}") = "Utilities", "Utilities\Utilities.csproj", "{3C728B9B-F9A2-4FB4-B0D7-FC63FE228CBC}"
EndProject
Global
	GlobalSection(SolutionConfigurationPlatforms) = preSolution
		Debug|Any CPU = Debug|Any CPU
		Release|Any CPU = Release|Any CPU
	EndGlobalSection
	GlobalSection(ProjectConfigurationPlatforms) = postSolution
		{DA180EAC-C3C3-4E09-8457-283AABD4340C}.Debug|Any CPU.ActiveCfg = Debug|Any CPU
		{DA180EAC-C3C3-4E09-8457-283AABD4340C}.Debug|Any CPU.Build.0 = Debug|Any CPU
		{DA180EAC-C3C3-4E09-8457-283AABD4340C}.Release|Any CPU.ActiveCfg = Release|Any CPU
		{DA180EAC-C3C3-4E09-8457-283AABD4340C}.Release|Any CPU.Build.0 = Release|Any CPU
		{3C728B9B-F9A2-4FB4-B0D7-FC63FE228CBC}.Debug|Any CPU.ActiveCfg = Debug|Any CPU
		{3C728B9B-F9A2-4FB4-B0D7-FC63FE228CBC}.Debug|Any CPU.Build.0 = Debug|Any CPU
		{3C728B9B-F9A2-4FB4-B0D7-FC63FE228CBC}.Release|Any CPU.ActiveCfg = Release|Any CPU
		{3C728B9B-F9A2-4FB4-B0D7-FC63FE228CBC}.Release|Any CPU.Build.0 = Release|Any CPU
	EndGlobalSection
	GlobalSection(SolutionProperties) = preSolution
		HideSolutionNode = FALSE
	EndGlobalSection
EndGlobal
